{
    "name": "posthog-workflows-demo",
    "version": "0.0.0",
    "lockfileVersion": 3,
    "requires": true,
    "packages": {
        "": {
            "name": "posthog-workflows-demo",
            "version": "0.0.0",
            "devDependencies": {
                "@posthog/workflows": "file:vendor/posthog-workflows-0.0.0.tgz"
            },
            "engines": {
                "node": ">=22.12"
            }
        },
        "node_modules/@posthog/workflows": {
            "version": "0.0.0",
            "resolved": "file:vendor/posthog-workflows-0.0.0.tgz",
            "integrity": "sha512-UhKVCCybEeM370qoH3kZNIhJy51UNmxdkEU1Z6yYok52uIEKpgREUpjk7xdgsqa5kqTtzcQF/bdUSCff8ZimHw==",
            "dev": true,
            "license": "MIT",
            "dependencies": {
                "jiti": "^2.7.0"
            },
            "bin": {
                "posthog-workflows": "dist/cli/main.js"
            },
            "engines": {
                "node": ">=22.12"
            }
        },
        "node_modules/jiti": {
            "version": "2.7.0",
            "resolved": "https://registry.npmjs.org/jiti/-/jiti-2.7.0.tgz",
            "integrity": "sha512-AC/7JofJvZGrrneWNaEnJeOLUx+JlGt7tNa0wZiRPT4MY1wmfKjt2+6O2p2uz2+skll8OZZmJMNqeke7kKbNgQ==",
            "dev": true,
            "license": "MIT",
            "bin": {
                "jiti": "lib/jiti-cli.mjs"
            }
        }
    }
}
